
Microsoft Visual Studio Solution File, Format Version 12.00
# Visual Studio Version 17
VisualStudioVersion = 17.11.35312.102
MinimumVisualStudioVersion = 10.0.40219.1
Project("{FAE04EC0-301F-11D3-BF4B-00C04F79EFBC}") = "SRT", "SRT\SRT.csproj", "{BCE90382-0D5F-4C6E-96DA-CFDAE7E4D385}"
EndProject
Project("{2150E333-8FDC-42A3-9474-1A3956D46DE8}") = "Web Api", "Web Api", "{2C4A965B-0FEB-424D-846D-CA3A7F978842}"
EndProject
Project("{FAE04EC0-301F-11D3-BF4B-00C04F79EFBC}") = "Introduction", "Introduction\Introduction.csproj", "{3955714C-D54D-460B-9FA0-BF2B64FF558E}"
EndProject
Project("{FAE04EC0-301F-11D3-BF4B-00C04F79EFBC}") = "CrudUsing_EF", "CrudUsing_EF\CrudUsing_EF.csproj", "{40F0658F-6402-4993-914D-DE04395E84FA}"
EndProject
Project("{FAE04EC0-301F-11D3-BF4B-00C04F79EFBC}") = "Client", "Client\Client.csproj", "{4CF036BE-80C4-4BD2-B8FD-3254DD0ACE26}"
EndProject
Project("{FAE04EC0-301F-11D3-BF4B-00C04F79EFBC}") = "FileManagement_Assignment", "FileManagement_Assignment\FileManagement_Assignment.csproj", "{975179CD-8F67-4FA7-A435-E9633B613B34}"
EndProject
Project("{FAE04EC0-301F-11D3-BF4B-00C04F79EFBC}") = "Deployment", "Deployment\Deployment.csproj", "{78278F6B-C687-4EE0-98D6-FB8BDCD1DA44}"
EndProject
Global
	GlobalSection(SolutionConfigurationPlatforms) = preSolution
		Debug|Any CPU = Debug|Any CPU
		Release|Any CPU = Release|Any CPU
	EndGlobalSection
	GlobalSection(ProjectConfigurationPlatforms) = postSolution
		{BCE90382-0D5F-4C6E-96DA-CFDAE7E4D385}.Debug|Any CPU.ActiveCfg = Debug|Any CPU
		{BCE90382-0D5F-4C6E-96DA-CFDAE7E4D385}.Debug|Any CPU.Build.0 = Debug|Any CPU
		{BCE90382-0D5F-4C6E-96DA-CFDAE7E4D385}.Release|Any CPU.ActiveCfg = Release|Any CPU
		{BCE90382-0D5F-4C6E-96DA-CFDAE7E4D385}.Release|Any CPU.Build.0 = Release|Any CPU
		{3955714C-D54D-460B-9FA0-BF2B64FF558E}.Debug|Any CPU.ActiveCfg = Debug|Any CPU
		{3955714C-D54D-460B-9FA0-BF2B64FF558E}.Debug|Any CPU.Build.0 = Debug|Any CPU
		{3955714C-D54D-460B-9FA0-BF2B64FF558E}.Release|Any CPU.ActiveCfg = Release|Any CPU
		{3955714C-D54D-460B-9FA0-BF2B64FF558E}.Release|Any CPU.Build.0 = Release|Any CPU
		{40F0658F-6402-4993-914D-DE04395E84FA}.Debug|Any CPU.ActiveCfg = Debug|Any CPU
		{40F0658F-6402-4993-914D-DE04395E84FA}.Debug|Any CPU.Build.0 = Debug|Any CPU
		{40F0658F-6402-4993-914D-DE04395E84FA}.Release|Any CPU.ActiveCfg = Release|Any CPU
		{40F0658F-6402-4993-914D-DE04395E84FA}.Release|Any CPU.Build.0 = Release|Any CPU
		{4CF036BE-80C4-4BD2-B8FD-3254DD0ACE26}.Debug|Any CPU.ActiveCfg = Debug|Any CPU
		{4CF036BE-80C4-4BD2-B8FD-3254DD0ACE26}.Debug|Any CPU.Build.0 = Debug|Any CPU
		{4CF036BE-80C4-4BD2-B8FD-3254DD0ACE26}.Release|Any CPU.ActiveCfg = Release|Any CPU
		{4CF036BE-80C4-4BD2-B8FD-3254DD0ACE26}.Release|Any CPU.Build.0 = Release|Any CPU
		{975179CD-8F67-4FA7-A435-E9633B613B34}.Debug|Any CPU.ActiveCfg = Debug|Any CPU
		{975179CD-8F67-4FA7-A435-E9633B613B34}.Debug|Any CPU.Build.0 = Debug|Any CPU
		{975179CD-8F67-4FA7-A435-E9633B613B34}.Release|Any CPU.ActiveCfg = Release|Any CPU
		{975179CD-8F67-4FA7-A435-E9633B613B34}.Release|Any CPU.Build.0 = Release|Any CPU
		{78278F6B-C687-4EE0-98D6-FB8BDCD1DA44}.Debug|Any CPU.ActiveCfg = Debug|Any CPU
		{78278F6B-C687-4EE0-98D6-FB8BDCD1DA44}.Debug|Any CPU.Build.0 = Debug|Any CPU
		{78278F6B-C687-4EE0-98D6-FB8BDCD1DA44}.Release|Any CPU.ActiveCfg = Release|Any CPU
		{78278F6B-C687-4EE0-98D6-FB8BDCD1DA44}.Release|Any CPU.Build.0 = Release|Any CPU
	EndGlobalSection
	GlobalSection(SolutionProperties) = preSolution
		HideSolutionNode = FALSE
	EndGlobalSection
	GlobalSection(NestedProjects) = preSolution
		{78278F6B-C687-4EE0-98D6-FB8BDCD1DA44} = {2C4A965B-0FEB-424D-846D-CA3A7F978842}
	EndGlobalSection
	GlobalSection(ExtensibilityGlobals) = postSolution
		SolutionGuid = {6031E145-05B4-4933-ADF5-BC02EA41E3FE}
	EndGlobalSection
EndGlobal
